
Microsoft Visual Studio Solution File, Format Version 12.00
# Visual Studio Version 17
VisualStudioVersion = 17.8.34511.84
MinimumVisualStudioVersion = 10.0.40219.1
Project("{FAE04EC0-301F-11D3-BF4B-00C04F79EFBC}") = "PhanThapNhat_4106_Tuan2", "PhanThapNhat_4106_Tuan2\PhanThapNhat_4106_Tuan2.csproj", "{DE520CEA-57D2-40CF-A80B-688F7DCF4D7C}"
EndProject
Global
	GlobalSection(SolutionConfigurationPlatforms) = preSolution
		Debug|Any CPU = Debug|Any CPU
		Release|Any CPU = Release|Any CPU
	EndGlobalSection
	GlobalSection(ProjectConfigurationPlatforms) = postSolution
		{DE520CEA-57D2-40CF-A80B-688F7DCF4D7C}.Debug|Any CPU.ActiveCfg = Debug|Any CPU
		{DE520CEA-57D2-40CF-A80B-688F7DCF4D7C}.Debug|Any CPU.Build.0 = Debug|Any CPU
		{DE520CEA-57D2-40CF-A80B-688F7DCF4D7C}.Release|Any CPU.ActiveCfg = Release|Any CPU
		{DE520CEA-57D2-40CF-A80B-688F7DCF4D7C}.Release|Any CPU.Build.0 = Release|Any CPU
	EndGlobalSection
	GlobalSection(SolutionProperties) = preSolution
		HideSolutionNode = FALSE
	EndGlobalSection
	GlobalSection(ExtensibilityGlobals) = postSolution
		SolutionGuid = {AFBC74D7-6EB0-40CC-9B35-9C35E628FE19}
	EndGlobalSection
EndGlobal
